// !$*UTF8*$!
{
	archiveVersion = 1;
	classes = {
	};
	objectVersion = 50;
	objects = {

/* Begin PBXBuildFile section */
		55C9137425191014002AD559 /* AppDelegate.swift in Sources */ = {isa = PBXBuildFile; fileRef = 55C9137325191014002AD559 /* AppDelegate.swift */; };
		55C9137625191014002AD559 /* GameScene.sks in Resources */ = {isa = PBXBuildFile; fileRef = 55C9137525191014002AD559 /* GameScene.sks */; };
		55C9137A25191014002AD559 /* GameScene.swift in Sources */ = {isa = PBXBuildFile; fileRef = 55C9137925191014002AD559 /* GameScene.swift */; };
		55C9137C25191014002AD559 /* GameViewController.swift in Sources */ = {isa = PBXBuildFile; fileRef = 55C9137B25191014002AD559 /* GameViewController.swift */; };
		55C9137F25191014002AD559 /* Main.storyboard in Resources */ = {isa = PBXBuildFile; fileRef = 55C9137D25191014002AD559 /* Main.storyboard */; };
		55C9138125191016002AD559 /* Assets.xcassets in Resources */ = {isa = PBXBuildFile; fileRef = 55C9138025191016002AD559 /* Assets.xcassets */; };
		55C9138425191016002AD559 /* LaunchScreen.storyboard in Resources */ = {isa = PBXBuildFile; fileRef = 55C9138225191016002AD559 /* LaunchScreen.storyboard */; };
		55C9138C25191BAF002AD559 /* BirbTileSet.sks in Resources */ = {isa = PBXBuildFile; fileRef = 55C9138B25191BAF002AD559 /* BirbTileSet.sks */; };
		55C91395251933FA002AD559 /* GameCamera.swift in Sources */ = {isa = PBXBuildFile; fileRef = 55C91394251933FA002AD559 /* GameCamera.swift */; };
		55C9139725195659002AD559 /* Configuration.swift in Sources */ = {isa = PBXBuildFile; fileRef = 55C9139625195659002AD559 /* Configuration.swift */; };
/* End PBXBuildFile section */

/* Begin PBXFileReference section */
		55C9137025191014002AD559 /* Grumpy Birb.app */ = {isa = PBXFileReference; explicitFileType = wrapper.application; includeInIndex = 0; path = "Grumpy Birb.app"; sourceTree = BUILT_PRODUCTS_DIR; };
		55C9137325191014002AD559 /* AppDelegate.swift */ = {isa = PBXFileReference; lastKnownFileType = sourcecode.swift; path = AppDelegate.swift; sourceTree = "<group>"; };
		55C9137525191014002AD559 /* GameScene.sks */ = {isa = PBXFileReference; lastKnownFileType = file.sks; path = GameScene.sks; sourceTree = "<group>"; };
		55C9137925191014002AD559 /* GameScene.swift */ = {isa = PBXFileReference; lastKnownFileType = sourcecode.swift; path = GameScene.swift; sourceTree = "<group>"; };
		55C9137B25191014002AD559 /* GameViewController.swift */ = {isa = PBXFileReference; lastKnownFileType = sourcecode.swift; path = GameViewController.swift; sourceTree = "<group>"; };
		55C9137E25191014002AD559 /* Base */ = {isa = PBXFileReference; lastKnownFileType = file.storyboard; name = Base; path = Base.lproj/Main.storyboard; sourceTree = "<group>"; };
		55C9138025191016002AD559 /* Assets.xcassets */ = {isa = PBXFileReference; lastKnownFileType = folder.assetcatalog; path = Assets.xcassets; sourceTree = "<group>"; };
		55C9138325191016002AD559 /* Base */ = {isa = PBXFileReference; lastKnownFileType = file.storyboard; name = Base; path = Base.lproj/LaunchScreen.storyboard; sourceTree = "<group>"; };
		55C9138525191016002AD559 /* Info.plist */ = {isa = PBXFileReference; lastKnownFileType = text.plist.xml; path = Info.plist; sourceTree = "<group>"; };
		55C9138B25191BAF002AD559 /* BirbTileSet.sks */ = {isa = PBXFileReference; lastKnownFileType = file.sks; path = BirbTileSet.sks; sourceTree = "<group>"; };
		55C91394251933FA002AD559 /* GameCamera.swift */ = {isa = PBXFileReference; lastKnownFileType = sourcecode.swift; path = GameCamera.swift; sourceTree = "<group>"; };
		55C9139625195659002AD559 /* Configuration.swift */ = {isa = PBXFileReference; lastKnownFileType = sourcecode.swift; path = Configuration.swift; sourceTree = "<group>"; };
/* End PBXFileReference section */

/* Begin PBXFrameworksBuildPhase section */
		55C9136D25191014002AD559 /* Frameworks */ = {
			isa = PBXFrameworksBuildPhase;
			buildActionMask = 2147483647;
			files = (
			);
			runOnlyForDeploymentPostprocessing = 0;
		};
/* End PBXFrameworksBuildPhase section */

/* Begin PBXGroup section */
		55C9136725191014002AD559 = {
			isa = PBXGroup;
			children = (
				55C9137225191014002AD559 /* Grumpy Birb */,
				55C9137125191014002AD559 /* Products */,
			);
			sourceTree = "<group>";
		};
		55C9137125191014002AD559 /* Products */ = {
			isa = PBXGroup;
			children = (
				55C9137025191014002AD559 /* Grumpy Birb.app */,
			);
			name = Products;
			sourceTree = "<group>";
		};
		55C9137225191014002AD559 /* Grumpy Birb */ = {
			isa = PBXGroup;
			children = (
				55C91393251933A9002AD559 /* CustomNodes */,
				55C9138D251926D8002AD559 /* UI */,
				55C9138E251926E1002AD559 /* Scenes */,
				55C9138F251926F3002AD559 /* TileSets */,
				55C9139225192739002AD559 /* Template */,
				55C9139125192723002AD559 /* ViewController */,
			);
			path = "Grumpy Birb";
			sourceTree = "<group>";
		};
		55C9138D251926D8002AD559 /* UI */ = {
			isa = PBXGroup;
			children = (
				55C9138225191016002AD559 /* LaunchScreen.storyboard */,
				55C9138025191016002AD559 /* Assets.xcassets */,
				55C9137D25191014002AD559 /* Main.storyboard */,
			);
			name = UI;
			sourceTree = "<group>";
		};
		55C9138E251926E1002AD559 /* Scenes */ = {
			isa = PBXGroup;
			children = (
				55C9137525191014002AD559 /* GameScene.sks */,
				55C9137925191014002AD559 /* GameScene.swift */,
			);
			path = Scenes;
			sourceTree = "<group>";
		};
		55C9138F251926F3002AD559 /* TileSets */ = {
			isa = PBXGroup;
			children = (
				55C9138B25191BAF002AD559 /* BirbTileSet.sks */,
			);
			name = TileSets;
			sourceTree = "<group>";
		};
		55C9139125192723002AD559 /* ViewController */ = {
			isa = PBXGroup;
			children = (
				55C9137B25191014002AD559 /* GameViewController.swift */,
			);
			path = ViewController;
			sourceTree = "<group>";
		};
		55C9139225192739002AD559 /* Template */ = {
			isa = PBXGroup;
			children = (
				55C9137325191014002AD559 /* AppDelegate.swift */,
				55C9138525191016002AD559 /* Info.plist */,
				55C9139625195659002AD559 /* Configuration.swift */,
			);
			name = Template;
			sourceTree = "<group>";
		};
		55C91393251933A9002AD559 /* CustomNodes */ = {
			isa = PBXGroup;
			children = (
				55C91394251933FA002AD559 /* GameCamera.swift */,
			);
			path = CustomNodes;
			sourceTree = "<group>";
		};
/* End PBXGroup section */

/* Begin PBXNativeTarget section */
		55C9136F25191014002AD559 /* Grumpy Birb */ = {
			isa = PBXNativeTarget;
			buildConfigurationList = 55C9138825191016002AD559 /* Build configuration list for PBXNativeTarget "Grumpy Birb" */;
			buildPhases = (
				55C9136C25191014002AD559 /* Sources */,
				55C9136D25191014002AD559 /* Frameworks */,
				55C9136E25191014002AD559 /* Resources */,
			);
			buildRules = (
			);
			dependencies = (
			);
			name = "Grumpy Birb";
			productName = "Grumpy Birb";
			productReference = 55C9137025191014002AD559 /* Grumpy Birb.app */;
			productType = "com.apple.product-type.application";
		};
/* End PBXNativeTarget section */

/* Begin PBXProject section */
		55C9136825191014002AD559 /* Project object */ = {
			isa = PBXProject;
			attributes = {
				LastSwiftUpdateCheck = 1130;
				LastUpgradeCheck = 1130;
				ORGANIZATIONNAME = "David Schlundt-Bodien";
				TargetAttributes = {
					55C9136F25191014002AD559 = {
						CreatedOnToolsVersion = 11.3.1;
					};
				};
			};
			buildConfigurationList = 55C9136B25191014002AD559 /* Build configuration list for PBXProject "Grumpy Birb" */;
			compatibilityVersion = "Xcode 9.3";
			developmentRegion = en;
			hasScannedForEncodings = 0;
			knownRegions = (
				en,
				Base,
			);
			mainGroup = 55C9136725191014002AD559;
			productRefGroup = 55C9137125191014002AD559 /* Products */;
			projectDirPath = "";
			projectRoot = "";
			targets = (
				55C9136F25191014002AD559 /* Grumpy Birb */,
			);
		};
/* End PBXProject section */

/* Begin PBXResourcesBuildPhase section */
		55C9136E25191014002AD559 /* Resources */ = {
			isa = PBXResourcesBuildPhase;
			buildActionMask = 2147483647;
			files = (
				55C9138C25191BAF002AD559 /* BirbTileSet.sks in Resources */,
				55C9137F25191014002AD559 /* Main.storyboard in Resources */,
				55C9137625191014002AD559 /* GameScene.sks in Resources */,
				55C9138125191016002AD559 /* Assets.xcassets in Resources */,
				55C9138425191016002AD559 /* LaunchScreen.storyboard in Resources */,
			);
			runOnlyForDeploymentPostprocessing = 0;
		};
/* End PBXResourcesBuildPhase section */

/* Begin PBXSourcesBuildPhase section */
		55C9136C25191014002AD559 /* Sources */ = {
			isa = PBXSourcesBuildPhase;
			buildActionMask = 2147483647;
			files = (
				55C9137A25191014002AD559 /* GameScene.swift in Sources */,
				55C9139725195659002AD559 /* Configuration.swift in Sources */,
				55C9137C25191014002AD559 /* GameViewController.swift in Sources */,
				55C91395251933FA002AD559 /* GameCamera.swift in Sources */,
				55C9137425191014002AD559 /* AppDelegate.swift in Sources */,
			);
			runOnlyForDeploymentPostprocessing = 0;
		};
/* End PBXSourcesBuildPhase section */

/* Begin PBXVariantGroup section */
		55C9137D25191014002AD559 /* Main.storyboard */ = {
			isa = PBXVariantGroup;
			children = (
				55C9137E25191014002AD559 /* Base */,
			);
			name = Main.storyboard;
			sourceTree = "<group>";
		};
		55C9138225191016002AD559 /* LaunchScreen.storyboard */ = {
			isa = PBXVariantGroup;
			children = (
				55C9138325191016002AD559 /* Base */,
			);
			name = LaunchScreen.storyboard;
			sourceTree = "<group>";
		};
/* End PBXVariantGroup section */

/* Begin XCBuildConfiguration section */
		55C9138625191016002AD559 /* Debug */ = {
			isa = XCBuildConfiguration;
			buildSettings = {
				ALWAYS_SEARCH_USER_PATHS = NO;
				CLANG_ANALYZER_NONNULL = YES;
				CLANG_ANALYZER_NUMBER_OBJECT_CONVERSION = YES_AGGRESSIVE;
				CLANG_CXX_LANGUAGE_STANDARD = "gnu++14";
				CLANG_CXX_LIBRARY = "libc++";
				CLANG_ENABLE_MODULES = YES;
				CLANG_ENABLE_OBJC_ARC = YES;
				CLANG_ENABLE_OBJC_WEAK = YES;
				CLANG_WARN_BLOCK_CAPTURE_AUTORELEASING = YES;
				CLANG_WARN_BOOL_CONVERSION = YES;
				CLANG_WARN_COMMA = YES;
				CLANG_WARN_CONSTANT_CONVERSION = YES;
				CLANG_WARN_DEPRECATED_OBJC_IMPLEMENTATIONS = YES;
				CLANG_WARN_DIRECT_OBJC_ISA_USAGE = YES_ERROR;
				CLANG_WARN_DOCUMENTATION_COMMENTS = YES;
				CLANG_WARN_EMPTY_BODY = YES;
				CLANG_WARN_ENUM_CONVERSION = YES;
				CLANG_WARN_INFINITE_RECURSION = YES;
				CLANG_WARN_INT_CONVERSION = YES;
				CLANG_WARN_NON_LITERAL_NULL_CONVERSION = YES;
				CLANG_WARN_OBJC_IMPLICIT_RETAIN_SELF = YES;
				CLANG_WARN_OBJC_LITERAL_CONVERSION = YES;
				CLANG_WARN_OBJC_ROOT_CLASS = YES_ERROR;
				CLANG_WARN_RANGE_LOOP_ANALYSIS = YES;
				CLANG_WARN_STRICT_PROTOTYPES = YES;
				CLANG_WARN_SUSPICIOUS_MOVE = YES;
				CLANG_WARN_UNGUARDED_AVAILABILITY = YES_AGGRESSIVE;
				CLANG_WARN_UNREACHABLE_CODE = YES;
				CLANG_WARN__DUPLICATE_METHOD_MATCH = YES;
				COPY_PHASE_STRIP = NO;
				DEBUG_INFORMATION_FORMAT = dwarf;
				ENABLE_STRICT_OBJC_MSGSEND = YES;
				ENABLE_TESTABILITY = YES;
				GCC_C_LANGUAGE_STANDARD = gnu11;
				GCC_DYNAMIC_NO_PIC = NO;
				GCC_NO_COMMON_BLOCKS = YES;
				GCC_OPTIMIZATION_LEVEL = 0;
				GCC_PREPROCESSOR_DEFINITIONS = (
					"DEBUG=1",
					"$(inherited)",
				);
				GCC_WARN_64_TO_32_BIT_CONVERSION = YES;
				GCC_WARN_ABOUT_RETURN_TYPE = YES_ERROR;
				GCC_WARN_UNDECLARED_SELECTOR = YES;
				GCC_WARN_UNINITIALIZED_AUTOS = YES_AGGRESSIVE;
				GCC_WARN_UNUSED_FUNCTION = YES;
				GCC_WARN_UNUSED_VARIABLE = YES;
				IPHONEOS_DEPLOYMENT_TARGET = 13.2;
				MTL_ENABLE_DEBUG_INFO = INCLUDE_SOURCE;
				MTL_FAST_MATH = YES;
				ONLY_ACTIVE_ARCH = YES;
				SDKROOT = iphoneos;
				SWIFT_ACTIVE_COMPILATION_CONDITIONS = DEBUG;
				SWIFT_OPTIMIZATION_LEVEL = "-Onone";
			};
			name = Debug;
		};
		55C9138725191016002AD559 /* Release */ = {
			isa = XCBuildConfiguration;
			buildSettings = {
				ALWAYS_SEARCH_USER_PATHS = NO;
				CLANG_ANALYZER_NONNULL = YES;
				CLANG_ANALYZER_NUMBER_OBJECT_CONVERSION = YES_AGGRESSIVE;
				CLANG_CXX_LANGUAGE_STANDARD = "gnu++14";
				CLANG_CXX_LIBRARY = "libc++";
				CLANG_ENABLE_MODULES = YES;
				CLANG_ENABLE_OBJC_ARC = YES;
				CLANG_ENABLE_OBJC_WEAK = YES;
				CLANG_WARN_BLOCK_CAPTURE_AUTORELEASING = YES;
				CLANG_WARN_BOOL_CONVERSION = YES;
				CLANG_WARN_COMMA = YES;
				CLANG_WARN_CONSTANT_CONVERSION = YES;
				CLANG_WARN_DEPRECATED_OBJC_IMPLEMENTATIONS = YES;
				CLANG_WARN_DIRECT_OBJC_ISA_USAGE = YES_ERROR;
				CLANG_WARN_DOCUMENTATION_COMMENTS = YES;
				CLANG_WARN_EMPTY_BODY = YES;
				CLANG_WARN_ENUM_CONVERSION = YES;
				CLANG_WARN_INFINITE_RECURSION = YES;
				CLANG_WARN_INT_CONVERSION = YES;
				CLANG_WARN_NON_LITERAL_NULL_CONVERSION = YES;
				CLANG_WARN_OBJC_IMPLICIT_RETAIN_SELF = YES;
				CLANG_WARN_OBJC_LITERAL_CONVERSION = YES;
				CLANG_WARN_OBJC_ROOT_CLASS = YES_ERROR;
				CLANG_WARN_RANGE_LOOP_ANALYSIS = YES;
				CLANG_WARN_STRICT_PROTOTYPES = YES;
				CLANG_WARN_SUSPICIOUS_MOVE = YES;
				CLANG_WARN_UNGUARDED_AVAILABILITY = YES_AGGRESSIVE;
				CLANG_WARN_UNREACHABLE_CODE = YES;
				CLANG_WARN__DUPLICATE_METHOD_MATCH = YES;
				COPY_PHASE_STRIP = NO;
				DEBUG_INFORMATION_FORMAT = "dwarf-with-dsym";
				ENABLE_NS_ASSERTIONS = NO;
				ENABLE_STRICT_OBJC_MSGSEND = YES;
				GCC_C_LANGUAGE_STANDARD = gnu11;
				GCC_NO_COMMON_BLOCKS = YES;
				GCC_WARN_64_TO_32_BIT_CONVERSION = YES;
				GCC_WARN_ABOUT_RETURN_TYPE = YES_ERROR;
				GCC_WARN_UNDECLARED_SELECTOR = YES;
				GCC_WARN_UNINITIALIZED_AUTOS = YES_AGGRESSIVE;
				GCC_WARN_UNUSED_FUNCTION = YES;
				GCC_WARN_UNUSED_VARIABLE = YES;
				IPHONEOS_DEPLOYMENT_TARGET = 13.2;
				MTL_ENABLE_DEBUG_INFO = NO;
				MTL_FAST_MATH = YES;
				SDKROOT = iphoneos;
				SWIFT_COMPILATION_MODE = wholemodule;
				SWIFT_OPTIMIZATION_LEVEL = "-O";
				VALIDATE_PRODUCT = YES;
			};
			name = Release;
		};
		55C9138925191016002AD559 /* Debug */ = {
			isa = XCBuildConfiguration;
			buildSettings = {
				ASSETCATALOG_COMPILER_APPICON_NAME = AppIcon;
				CODE_SIGN_STYLE = Automatic;
				INFOPLIST_FILE = "Grumpy Birb/Info.plist";
				LD_RUNPATH_SEARCH_PATHS = (
					"$(inherited)",
					"@executable_path/Frameworks",
				);
				PRODUCT_BUNDLE_IDENTIFIER = "com.davidschlundtbodien.Grumpy-Birb";
				PRODUCT_NAME = "$(TARGET_NAME)";
				SWIFT_VERSION = 5.0;
				TARGETED_DEVICE_FAMILY = "1,2";
			};
			name = Debug;
		};
		55C9138A25191016002AD559 /* Release */ = {
			isa = XCBuildConfiguration;
			buildSettings = {
				ASSETCATALOG_COMPILER_APPICON_NAME = AppIcon;
				CODE_SIGN_STYLE = Automatic;
				INFOPLIST_FILE = "Grumpy Birb/Info.plist";
				LD_RUNPATH_SEARCH_PATHS = (
					"$(inherited)",
					"@executable_path/Frameworks",
				);
				PRODUCT_BUNDLE_IDENTIFIER = "com.davidschlundtbodien.Grumpy-Birb";
				PRODUCT_NAME = "$(TARGET_NAME)";
				SWIFT_VERSION = 5.0;
				TARGETED_DEVICE_FAMILY = "1,2";
			};
			name = Release;
		};
/* End XCBuildConfiguration section */

/* Begin XCConfigurationList section */
		55C9136B25191014002AD559 /* Build configuration list for PBXProject "Grumpy Birb" */ = {
			isa = XCConfigurationList;
			buildConfigurations = (
				55C9138625191016002AD559 /* Debug */,
				55C9138725191016002AD559 /* Release */,
			);
			defaultConfigurationIsVisible = 0;
			defaultConfigurationName = Release;
		};
		55C9138825191016002AD559 /* Build configuration list for PBXNativeTarget "Grumpy Birb" */ = {
			isa = XCConfigurationList;
			buildConfigurations = (
				55C9138925191016002AD559 /* Debug */,
				55C9138A25191016002AD559 /* Release */,
			);
			defaultConfigurationIsVisible = 0;
			defaultConfigurationName = Release;
		};
/* End XCConfigurationList section */
	};
	rootObject = 55C9136825191014002AD559 /* Project object */;
}
